// !$*UTF8*$!
{
	archiveVersion = 1;
	classes = {
	};
	objectVersion = 77;
	objects = {

/* Begin PBXBuildFile section */
		C058BBDE2E90718700607343 /* FirebaseAI in Frameworks */ = {isa = PBXBuildFile; productRef = C058BBDD2E90718700607343 /* FirebaseAI */; };
		C058BBE02E90718700607343 /* FirebaseAnalytics in Frameworks */ = {isa = PBXBuildFile; productRef = C058BBDF2E90718700607343 /* FirebaseAnalytics */; };
		C058BBE22E90718700607343 /* FirebaseAnalyticsCore in Frameworks */ = {isa = PBXBuildFile; productRef = C058BBE12E90718700607343 /* FirebaseAnalyticsCore */; };
		C058BBE42E90718700607343 /* FirebaseAnalyticsIdentitySupport in Frameworks */ = {isa = PBXBuildFile; productRef = C058BBE32E90718700607343 /* FirebaseAnalyticsIdentitySupport */; };
		C058BBE62E90718700607343 /* FirebaseAppCheck in Frameworks */ = {isa = PBXBuildFile; productRef = C058BBE52E90718700607343 /* FirebaseAppCheck */; };
		C058BBE82E90718700607343 /* FirebaseAppDistribution-Beta in Frameworks */ = {isa = PBXBuildFile; productRef = C058BBE72E90718700607343 /* FirebaseAppDistribution-Beta */; };
		C058BBEA2E90718700607343 /* FirebaseAuth in Frameworks */ = {isa = PBXBuildFile; productRef = C058BBE92E90718700607343 /* FirebaseAuth */; };
		C058BBEC2E90718700607343 /* FirebaseAuthCombine-Community in Frameworks */ = {isa = PBXBuildFile; productRef = C058BBEB2E90718700607343 /* FirebaseAuthCombine-Community */; };
		C058BBEE2E90718700607343 /* FirebaseCore in Frameworks */ = {isa = PBXBuildFile; productRef = C058BBED2E90718700607343 /* FirebaseCore */; };
		C058BBF02E90718700607343 /* FirebaseCrashlytics in Frameworks */ = {isa = PBXBuildFile; productRef = C058BBEF2E90718700607343 /* FirebaseCrashlytics */; };
		C058BBF22E90718700607343 /* FirebaseDatabase in Frameworks */ = {isa = PBXBuildFile; productRef = C058BBF12E90718700607343 /* FirebaseDatabase */; };
		C058BBF42E90718700607343 /* FirebaseFirestore in Frameworks */ = {isa = PBXBuildFile; productRef = C058BBF32E90718700607343 /* FirebaseFirestore */; };
		C058BBF62E90718700607343 /* FirebaseFunctions in Frameworks */ = {isa = PBXBuildFile; productRef = C058BBF52E90718700607343 /* FirebaseFunctions */; };
		C058BBF82E90718700607343 /* FirebaseFunctionsCombine-Community in Frameworks */ = {isa = PBXBuildFile; productRef = C058BBF72E90718700607343 /* FirebaseFunctionsCombine-Community */; };
		C058BBFA2E90718700607343 /* FirebaseInstallations in Frameworks */ = {isa = PBXBuildFile; productRef = C058BBF92E90718700607343 /* FirebaseInstallations */; };
		C058BBFC2E90718700607343 /* FirebaseMLModelDownloader in Frameworks */ = {isa = PBXBuildFile; productRef = C058BBFB2E90718700607343 /* FirebaseMLModelDownloader */; };
		C058BBFE2E90718700607343 /* FirebasePerformance in Frameworks */ = {isa = PBXBuildFile; productRef = C058BBFD2E90718700607343 /* FirebasePerformance */; };
		C058BC002E90718700607343 /* FirebaseRemoteConfig in Frameworks */ = {isa = PBXBuildFile; productRef = C058BBFF2E90718700607343 /* FirebaseRemoteConfig */; };
		C058BC022E90718700607343 /* FirebaseStorage in Frameworks */ = {isa = PBXBuildFile; productRef = C058BC012E90718700607343 /* FirebaseStorage */; };
		C058BC042E90718700607343 /* FirebaseStorageCombine-Community in Frameworks */ = {isa = PBXBuildFile; productRef = C058BC032E90718700607343 /* FirebaseStorageCombine-Community */; };
		C0DAE1B62E9AFD0D00EDBDE2 /* CodeScanner in Frameworks */ = {isa = PBXBuildFile; productRef = C0DAE1B52E9AFD0D00EDBDE2 /* CodeScanner */; };
/* End PBXBuildFile section */

/* Begin PBXFileReference section */
		C058BB772E9066FF00607343 /* swiftuihotelproject.app */ = {isa = PBXFileReference; explicitFileType = wrapper.application; includeInIndex = 0; path = swiftuihotelproject.app; sourceTree = BUILT_PRODUCTS_DIR; };
/* End PBXFileReference section */

/* Begin PBXFileSystemSynchronizedBuildFileExceptionSet section */
		C0DAE1B32E9AFC7A00EDBDE2 /* Exceptions for "swiftuihotelproject" folder in "swiftuihotelproject" target */ = {
			isa = PBXFileSystemSynchronizedBuildFileExceptionSet;
			membershipExceptions = (
				Info.plist,
			);
			target = C058BB762E9066FF00607343 /* swiftuihotelproject */;
		};
/* End PBXFileSystemSynchronizedBuildFileExceptionSet section */

/* Begin PBXFileSystemSynchronizedRootGroup section */
		C058BB792E9066FF00607343 /* swiftuihotelproject */ = {
			isa = PBXFileSystemSynchronizedRootGroup;
			exceptions = (
				C0DAE1B32E9AFC7A00EDBDE2 /* Exceptions for "swiftuihotelproject" folder in "swiftuihotelproject" target */,
			);
			path = swiftuihotelproject;
			sourceTree = "<group>";
		};
/* End PBXFileSystemSynchronizedRootGroup section */

/* Begin PBXFrameworksBuildPhase section */
		C058BB742E9066FF00607343 /* Frameworks */ = {
			isa = PBXFrameworksBuildPhase;
			buildActionMask = 2147483647;
			files = (
				C058BBE42E90718700607343 /* FirebaseAnalyticsIdentitySupport in Frameworks */,
				C058BBE02E90718700607343 /* FirebaseAnalytics in Frameworks */,
				C058BC042E90718700607343 /* FirebaseStorageCombine-Community in Frameworks */,
				C058BBE22E90718700607343 /* FirebaseAnalyticsCore in Frameworks */,
				C058BBFC2E90718700607343 /* FirebaseMLModelDownloader in Frameworks */,
				C0DAE1B62E9AFD0D00EDBDE2 /* CodeScanner in Frameworks */,
				C058BBE62E90718700607343 /* FirebaseAppCheck in Frameworks */,
				C058BBDE2E90718700607343 /* FirebaseAI in Frameworks */,
				C058BBF42E90718700607343 /* FirebaseFirestore in Frameworks */,
				C058BBEA2E90718700607343 /* FirebaseAuth in Frameworks */,
				C058BBF82E90718700607343 /* FirebaseFunctionsCombine-Community in Frameworks */,
				C058BC022E90718700607343 /* FirebaseStorage in Frameworks */,
				C058BC002E90718700607343 /* FirebaseRemoteConfig in Frameworks */,
				C058BBFE2E90718700607343 /* FirebasePerformance in Frameworks */,
				C058BBE82E90718700607343 /* FirebaseAppDistribution-Beta in Frameworks */,
				C058BBFA2E90718700607343 /* FirebaseInstallations in Frameworks */,
				C058BBF02E90718700607343 /* FirebaseCrashlytics in Frameworks */,
				C058BBF62E90718700607343 /* FirebaseFunctions in Frameworks */,
				C058BBF22E90718700607343 /* FirebaseDatabase in Frameworks */,
				C058BBEE2E90718700607343 /* FirebaseCore in Frameworks */,
				C058BBEC2E90718700607343 /* FirebaseAuthCombine-Community in Frameworks */,
			);
			runOnlyForDeploymentPostprocessing = 0;
		};
/* End PBXFrameworksBuildPhase section */

/* Begin PBXGroup section */
		C058BB6E2E9066FF00607343 = {
			isa = PBXGroup;
			children = (
				C058BB792E9066FF00607343 /* swiftuihotelproject */,
				C058BB782E9066FF00607343 /* Products */,
			);
			sourceTree = "<group>";
		};
		C058BB782E9066FF00607343 /* Products */ = {
			isa = PBXGroup;
			children = (
				C058BB772E9066FF00607343 /* swiftuihotelproject.app */,
			);
			name = Products;
			sourceTree = "<group>";
		};
/* End PBXGroup section */

/* Begin PBXNativeTarget section */
		C058BB762E9066FF00607343 /* swiftuihotelproject */ = {
			isa = PBXNativeTarget;
			buildConfigurationList = C058BB852E90670200607343 /* Build configuration list for PBXNativeTarget "swiftuihotelproject" */;
			buildPhases = (
				C058BB732E9066FF00607343 /* Sources */,
				C058BB742E9066FF00607343 /* Frameworks */,
				C058BB752E9066FF00607343 /* Resources */,
			);
			buildRules = (
			);
			dependencies = (
			);
			fileSystemSynchronizedGroups = (
				C058BB792E9066FF00607343 /* swiftuihotelproject */,
			);
			name = swiftuihotelproject;
			packageProductDependencies = (
				C058BBDD2E90718700607343 /* FirebaseAI */,
				C058BBDF2E90718700607343 /* FirebaseAnalytics */,
				C058BBE12E90718700607343 /* FirebaseAnalyticsCore */,
				C058BBE32E90718700607343 /* FirebaseAnalyticsIdentitySupport */,
				C058BBE52E90718700607343 /* FirebaseAppCheck */,
				C058BBE72E90718700607343 /* FirebaseAppDistribution-Beta */,
				C058BBE92E90718700607343 /* FirebaseAuth */,
				C058BBEB2E90718700607343 /* FirebaseAuthCombine-Community */,
				C058BBED2E90718700607343 /* FirebaseCore */,
				C058BBEF2E90718700607343 /* FirebaseCrashlytics */,
				C058BBF12E90718700607343 /* FirebaseDatabase */,
				C058BBF32E90718700607343 /* FirebaseFirestore */,
				C058BBF52E90718700607343 /* FirebaseFunctions */,
				C058BBF72E90718700607343 /* FirebaseFunctionsCombine-Community */,
				C058BBF92E90718700607343 /* FirebaseInstallations */,
				C058BBFB2E90718700607343 /* FirebaseMLModelDownloader */,
				C058BBFD2E90718700607343 /* FirebasePerformance */,
				C058BBFF2E90718700607343 /* FirebaseRemoteConfig */,
				C058BC012E90718700607343 /* FirebaseStorage */,
				C058BC032E90718700607343 /* FirebaseStorageCombine-Community */,
				C0DAE1B52E9AFD0D00EDBDE2 /* CodeScanner */,
			);
			productName = swiftuihotelproject;
			productReference = C058BB772E9066FF00607343 /* swiftuihotelproject.app */;
			productType = "com.apple.product-type.application";
		};
/* End PBXNativeTarget section */

/* Begin PBXProject section */
		C058BB6F2E9066FF00607343 /* Project object */ = {
			isa = PBXProject;
			attributes = {
				BuildIndependentTargetsInParallel = 1;
				LastSwiftUpdateCheck = 1620;
				LastUpgradeCheck = 1620;
				TargetAttributes = {
					C058BB762E9066FF00607343 = {
						CreatedOnToolsVersion = 16.2;
					};
				};
			};
			buildConfigurationList = C058BB722E9066FF00607343 /* Build configuration list for PBXProject "swiftuihotelproject" */;
			developmentRegion = en;
			hasScannedForEncodings = 0;
			knownRegions = (
				en,
				Base,
			);
			mainGroup = C058BB6E2E9066FF00607343;
			minimizedProjectReferenceProxies = 1;
			packageReferences = (
				C058BB882E9069BB00607343 /* XCRemoteSwiftPackageReference "firebase-ios-sdk" */,
				C0DAE1B42E9AFD0D00EDBDE2 /* XCRemoteSwiftPackageReference "CodeScanner" */,
			);
			preferredProjectObjectVersion = 77;
			productRefGroup = C058BB782E9066FF00607343 /* Products */;
			projectDirPath = "";
			projectRoot = "";
			targets = (
				C058BB762E9066FF00607343 /* swiftuihotelproject */,
			);
		};
/* End PBXProject section */

/* Begin PBXResourcesBuildPhase section */
		C058BB752E9066FF00607343 /* Resources */ = {
			isa = PBXResourcesBuildPhase;
			buildActionMask = 2147483647;
			files = (
			);
			runOnlyForDeploymentPostprocessing = 0;
		};
/* End PBXResourcesBuildPhase section */

/* Begin PBXSourcesBuildPhase section */
		C058BB732E9066FF00607343 /* Sources */ = {
			isa = PBXSourcesBuildPhase;
			buildActionMask = 2147483647;
			files = (
			);
			runOnlyForDeploymentPostprocessing = 0;
		};
/* End PBXSourcesBuildPhase section */

/* Begin XCBuildConfiguration section */
		C058BB832E90670200607343 /* Debug */ = {
			isa = XCBuildConfiguration;
			buildSettings = {
				ALWAYS_SEARCH_USER_PATHS = NO;
				ASSETCATALOG_COMPILER_GENERATE_SWIFT_ASSET_SYMBOL_EXTENSIONS = YES;
				CLANG_ANALYZER_NONNULL = YES;
				CLANG_ANALYZER_NUMBER_OBJECT_CONVERSION = YES_AGGRESSIVE;
				CLANG_CXX_LANGUAGE_STANDARD = "gnu++20";
				CLANG_ENABLE_MODULES = YES;
				CLANG_ENABLE_OBJC_ARC = YES;
				CLANG_ENABLE_OBJC_WEAK = YES;
				CLANG_WARN_BLOCK_CAPTURE_AUTORELEASING = YES;
				CLANG_WARN_BOOL_CONVERSION = YES;
				CLANG_WARN_COMMA = YES;
				CLANG_WARN_CONSTANT_CONVERSION = YES;
				CLANG_WARN_DEPRECATED_OBJC_IMPLEMENTATIONS = YES;
				CLANG_WARN_DIRECT_OBJC_ISA_USAGE = YES_ERROR;
				CLANG_WARN_DOCUMENTATION_COMMENTS = YES;
				CLANG_WARN_EMPTY_BODY = YES;
				CLANG_WARN_ENUM_CONVERSION = YES;
				CLANG_WARN_INFINITE_RECURSION = YES;
				CLANG_WARN_INT_CONVERSION = YES;
				CLANG_WARN_NON_LITERAL_NULL_CONVERSION = YES;
				CLANG_WARN_OBJC_IMPLICIT_RETAIN_SELF = YES;
				CLANG_WARN_OBJC_LITERAL_CONVERSION = YES;
				CLANG_WARN_OBJC_ROOT_CLASS = YES_ERROR;
				CLANG_WARN_QUOTED_INCLUDE_IN_FRAMEWORK_HEADER = YES;
				CLANG_WARN_RANGE_LOOP_ANALYSIS = YES;
				CLANG_WARN_STRICT_PROTOTYPES = YES;
				CLANG_WARN_SUSPICIOUS_MOVE = YES;
				CLANG_WARN_UNGUARDED_AVAILABILITY = YES_AGGRESSIVE;
				CLANG_WARN_UNREACHABLE_CODE = YES;
				CLANG_WARN__DUPLICATE_METHOD_MATCH = YES;
				COPY_PHASE_STRIP = NO;
				DEBUG_INFORMATION_FORMAT = dwarf;
				ENABLE_STRICT_OBJC_MSGSEND = YES;
				ENABLE_TESTABILITY = YES;
				ENABLE_USER_SCRIPT_SANDBOXING = YES;
				GCC_C_LANGUAGE_STANDARD = gnu17;
				GCC_DYNAMIC_NO_PIC = NO;
				GCC_NO_COMMON_BLOCKS = YES;
				GCC_OPTIMIZATION_LEVEL = 0;
				GCC_PREPROCESSOR_DEFINITIONS = (
					"DEBUG=1",
					"$(inherited)",
				);
				GCC_WARN_64_TO_32_BIT_CONVERSION = YES;
				GCC_WARN_ABOUT_RETURN_TYPE = YES_ERROR;
				GCC_WARN_UNDECLARED_SELECTOR = YES;
				GCC_WARN_UNINITIALIZED_AUTOS = YES_AGGRESSIVE;
				GCC_WARN_UNUSED_FUNCTION = YES;
				GCC_WARN_UNUSED_VARIABLE = YES;
				IPHONEOS_DEPLOYMENT_TARGET = 18.2;
				LOCALIZATION_PREFERS_STRING_CATALOGS = YES;
				MTL_ENABLE_DEBUG_INFO = INCLUDE_SOURCE;
				MTL_FAST_MATH = YES;
				ONLY_ACTIVE_ARCH = YES;
				SDKROOT = iphoneos;
				SWIFT_ACTIVE_COMPILATION_CONDITIONS = "DEBUG $(inherited)";
				SWIFT_OPTIMIZATION_LEVEL = "-Onone";
			};
			name = Debug;
		};
		C058BB842E90670200607343 /* Release */ = {
			isa = XCBuildConfiguration;
			buildSettings = {
				ALWAYS_SEARCH_USER_PATHS = NO;
				ASSETCATALOG_COMPILER_GENERATE_SWIFT_ASSET_SYMBOL_EXTENSIONS = YES;
				CLANG_ANALYZER_NONNULL = YES;
				CLANG_ANALYZER_NUMBER_OBJECT_CONVERSION = YES_AGGRESSIVE;
				CLANG_CXX_LANGUAGE_STANDARD = "gnu++20";
				CLANG_ENABLE_MODULES = YES;
				CLANG_ENABLE_OBJC_ARC = YES;
				CLANG_ENABLE_OBJC_WEAK = YES;
				CLANG_WARN_BLOCK_CAPTURE_AUTORELEASING = YES;
				CLANG_WARN_BOOL_CONVERSION = YES;
				CLANG_WARN_COMMA = YES;
				CLANG_WARN_CONSTANT_CONVERSION = YES;
				CLANG_WARN_DEPRECATED_OBJC_IMPLEMENTATIONS = YES;
				CLANG_WARN_DIRECT_OBJC_ISA_USAGE = YES_ERROR;
				CLANG_WARN_DOCUMENTATION_COMMENTS = YES;
				CLANG_WARN_EMPTY_BODY = YES;
				CLANG_WARN_ENUM_CONVERSION = YES;
				CLANG_WARN_INFINITE_RECURSION = YES;
				CLANG_WARN_INT_CONVERSION = YES;
				CLANG_WARN_NON_LITERAL_NULL_CONVERSION = YES;
				CLANG_WARN_OBJC_IMPLICIT_RETAIN_SELF = YES;
				CLANG_WARN_OBJC_LITERAL_CONVERSION = YES;
				CLANG_WARN_OBJC_ROOT_CLASS = YES_ERROR;
				CLANG_WARN_QUOTED_INCLUDE_IN_FRAMEWORK_HEADER = YES;
				CLANG_WARN_RANGE_LOOP_ANALYSIS = YES;
				CLANG_WARN_STRICT_PROTOTYPES = YES;
				CLANG_WARN_SUSPICIOUS_MOVE = YES;
				CLANG_WARN_UNGUARDED_AVAILABILITY = YES_AGGRESSIVE;
				CLANG_WARN_UNREACHABLE_CODE = YES;
				CLANG_WARN__DUPLICATE_METHOD_MATCH = YES;
				COPY_PHASE_STRIP = NO;
				DEBUG_INFORMATION_FORMAT = "dwarf-with-dsym";
				ENABLE_NS_ASSERTIONS = NO;
				ENABLE_STRICT_OBJC_MSGSEND = YES;
				ENABLE_USER_SCRIPT_SANDBOXING = YES;
				GCC_C_LANGUAGE_STANDARD = gnu17;
				GCC_NO_COMMON_BLOCKS = YES;
				GCC_WARN_64_TO_32_BIT_CONVERSION = YES;
				GCC_WARN_ABOUT_RETURN_TYPE = YES_ERROR;
				GCC_WARN_UNDECLARED_SELECTOR = YES;
				GCC_WARN_UNINITIALIZED_AUTOS = YES_AGGRESSIVE;
				GCC_WARN_UNUSED_FUNCTION = YES;
				GCC_WARN_UNUSED_VARIABLE = YES;
				IPHONEOS_DEPLOYMENT_TARGET = 18.2;
				LOCALIZATION_PREFERS_STRING_CATALOGS = YES;
				MTL_ENABLE_DEBUG_INFO = NO;
				MTL_FAST_MATH = YES;
				SDKROOT = iphoneos;
				SWIFT_COMPILATION_MODE = wholemodule;
				VALIDATE_PRODUCT = YES;
			};
			name = Release;
		};
		C058BB862E90670200607343 /* Debug */ = {
			isa = XCBuildConfiguration;
			buildSettings = {
				ASSETCATALOG_COMPILER_APPICON_NAME = AppIcon;
				ASSETCATALOG_COMPILER_GLOBAL_ACCENT_COLOR_NAME = AccentColor;
				CODE_SIGN_STYLE = Automatic;
				CURRENT_PROJECT_VERSION = 1;
				DEVELOPMENT_ASSET_PATHS = "\"swiftuihotelproject/Preview Content\"";
				ENABLE_PREVIEWS = YES;
				GENERATE_INFOPLIST_FILE = YES;
				INFOPLIST_FILE = swiftuihotelproject/Info.plist;
				INFOPLIST_KEY_CFBundleDisplayName = KeyInn;
				INFOPLIST_KEY_NSCameraUsageDescription = "We need to camera for the scan QR codes.";
				INFOPLIST_KEY_UIApplicationSceneManifest_Generation = YES;
				INFOPLIST_KEY_UIApplicationSupportsIndirectInputEvents = YES;
				INFOPLIST_KEY_UILaunchScreen_Generation = YES;
				INFOPLIST_KEY_UISupportedInterfaceOrientations = UIInterfaceOrientationPortrait;
				LD_RUNPATH_SEARCH_PATHS = (
					"$(inherited)",
					"@executable_path/Frameworks",
				);
				MARKETING_VERSION = 1.0;
				PRODUCT_BUNDLE_IDENTIFIER = com.fatihsengun.swiftuihotelproject;
				PRODUCT_NAME = "$(TARGET_NAME)";
				SWIFT_EMIT_LOC_STRINGS = YES;
				SWIFT_VERSION = 5.0;
				TARGETED_DEVICE_FAMILY = "1,2";
			};
			name = Debug;
		};
		C058BB872E90670200607343 /* Release */ = {
			isa = XCBuildConfiguration;
			buildSettings = {
				ASSETCATALOG_COMPILER_APPICON_NAME = AppIcon;
				ASSETCATALOG_COMPILER_GLOBAL_ACCENT_COLOR_NAME = AccentColor;
				CODE_SIGN_STYLE = Automatic;
				CURRENT_PROJECT_VERSION = 1;
				DEVELOPMENT_ASSET_PATHS = "\"swiftuihotelproject/Preview Content\"";
				ENABLE_PREVIEWS = YES;
				GENERATE_INFOPLIST_FILE = YES;
				INFOPLIST_FILE = swiftuihotelproject/Info.plist;
				INFOPLIST_KEY_CFBundleDisplayName = KeyInn;
				INFOPLIST_KEY_NSCameraUsageDescription = "We need to camera for the scan QR codes.";
				INFOPLIST_KEY_UIApplicationSceneManifest_Generation = YES;
				INFOPLIST_KEY_UIApplicationSupportsIndirectInputEvents = YES;
				INFOPLIST_KEY_UILaunchScreen_Generation = YES;
				INFOPLIST_KEY_UISupportedInterfaceOrientations = UIInterfaceOrientationPortrait;
				LD_RUNPATH_SEARCH_PATHS = (
					"$(inherited)",
					"@executable_path/Frameworks",
				);
				MARKETING_VERSION = 1.0;
				PRODUCT_BUNDLE_IDENTIFIER = com.fatihsengun.swiftuihotelproject;
				PRODUCT_NAME = "$(TARGET_NAME)";
				SWIFT_EMIT_LOC_STRINGS = YES;
				SWIFT_VERSION = 5.0;
				TARGETED_DEVICE_FAMILY = "1,2";
			};
			name = Release;
		};
/* End XCBuildConfiguration section */

/* Begin XCConfigurationList section */
		C058BB722E9066FF00607343 /* Build configuration list for PBXProject "swiftuihotelproject" */ = {
			isa = XCConfigurationList;
			buildConfigurations = (
				C058BB832E90670200607343 /* Debug */,
				C058BB842E90670200607343 /* Release */,
			);
			defaultConfigurationIsVisible = 0;
			defaultConfigurationName = Release;
		};
		C058BB852E90670200607343 /* Build configuration list for PBXNativeTarget "swiftuihotelproject" */ = {
			isa = XCConfigurationList;
			buildConfigurations = (
				C058BB862E90670200607343 /* Debug */,
				C058BB872E90670200607343 /* Release */,
			);
			defaultConfigurationIsVisible = 0;
			defaultConfigurationName = Release;
		};
/* End XCConfigurationList section */

/* Begin XCRemoteSwiftPackageReference section */
		C058BB882E9069BB00607343 /* XCRemoteSwiftPackageReference "firebase-ios-sdk" */ = {
			isa = XCRemoteSwiftPackageReference;
			repositoryURL = "https://github.com/firebase/firebase-ios-sdk";
			requirement = {
				kind = upToNextMajorVersion;
				minimumVersion = 12.3.0;
			};
		};
		C0DAE1B42E9AFD0D00EDBDE2 /* XCRemoteSwiftPackageReference "CodeScanner" */ = {
			isa = XCRemoteSwiftPackageReference;
			repositoryURL = "https://github.com/twostraws/CodeScanner";
			requirement = {
				kind = upToNextMajorVersion;
				minimumVersion = 2.5.2;
			};
		};
/* End XCRemoteSwiftPackageReference section */

/* Begin XCSwiftPackageProductDependency section */
		C058BBDD2E90718700607343 /* FirebaseAI */ = {
			isa = XCSwiftPackageProductDependency;
			package = C058BB882E9069BB00607343 /* XCRemoteSwiftPackageReference "firebase-ios-sdk" */;
			productName = FirebaseAI;
		};
		C058BBDF2E90718700607343 /* FirebaseAnalytics */ = {
			isa = XCSwiftPackageProductDependency;
			package = C058BB882E9069BB00607343 /* XCRemoteSwiftPackageReference "firebase-ios-sdk" */;
			productName = FirebaseAnalytics;
		};
		C058BBE12E90718700607343 /* FirebaseAnalyticsCore */ = {
			isa = XCSwiftPackageProductDependency;
			package = C058BB882E9069BB00607343 /* XCRemoteSwiftPackageReference "firebase-ios-sdk" */;
			productName = FirebaseAnalyticsCore;
		};
		C058BBE32E90718700607343 /* FirebaseAnalyticsIdentitySupport */ = {
			isa = XCSwiftPackageProductDependency;
			package = C058BB882E9069BB00607343 /* XCRemoteSwiftPackageReference "firebase-ios-sdk" */;
			productName = FirebaseAnalyticsIdentitySupport;
		};
		C058BBE52E90718700607343 /* FirebaseAppCheck */ = {
			isa = XCSwiftPackageProductDependency;
			package = C058BB882E9069BB00607343 /* XCRemoteSwiftPackageReference "firebase-ios-sdk" */;
			productName = FirebaseAppCheck;
		};
		C058BBE72E90718700607343 /* FirebaseAppDistribution-Beta */ = {
			isa = XCSwiftPackageProductDependency;
			package = C058BB882E9069BB00607343 /* XCRemoteSwiftPackageReference "firebase-ios-sdk" */;
			productName = "FirebaseAppDistribution-Beta";
		};
		C058BBE92E90718700607343 /* FirebaseAuth */ = {
			isa = XCSwiftPackageProductDependency;
			package = C058BB882E9069BB00607343 /* XCRemoteSwiftPackageReference "firebase-ios-sdk" */;
			productName = FirebaseAuth;
		};
		C058BBEB2E90718700607343 /* FirebaseAuthCombine-Community */ = {
			isa = XCSwiftPackageProductDependency;
			package = C058BB882E9069BB00607343 /* XCRemoteSwiftPackageReference "firebase-ios-sdk" */;
			productName = "FirebaseAuthCombine-Community";
		};
		C058BBED2E90718700607343 /* FirebaseCore */ = {
			isa = XCSwiftPackageProductDependency;
			package = C058BB882E9069BB00607343 /* XCRemoteSwiftPackageReference "firebase-ios-sdk" */;
			productName = FirebaseCore;
		};
		C058BBEF2E90718700607343 /* FirebaseCrashlytics */ = {
			isa = XCSwiftPackageProductDependency;
			package = C058BB882E9069BB00607343 /* XCRemoteSwiftPackageReference "firebase-ios-sdk" */;
			productName = FirebaseCrashlytics;
		};
		C058BBF12E90718700607343 /* FirebaseDatabase */ = {
			isa = XCSwiftPackageProductDependency;
			package = C058BB882E9069BB00607343 /* XCRemoteSwiftPackageReference "firebase-ios-sdk" */;
			productName = FirebaseDatabase;
		};
		C058BBF32E90718700607343 /* FirebaseFirestore */ = {
			isa = XCSwiftPackageProductDependency;
			package = C058BB882E9069BB00607343 /* XCRemoteSwiftPackageReference "firebase-ios-sdk" */;
			productName = FirebaseFirestore;
		};
		C058BBF52E90718700607343 /* FirebaseFunctions */ = {
			isa = XCSwiftPackageProductDependency;
			package = C058BB882E9069BB00607343 /* XCRemoteSwiftPackageReference "firebase-ios-sdk" */;
			productName = FirebaseFunctions;
		};
		C058BBF72E90718700607343 /* FirebaseFunctionsCombine-Community */ = {
			isa = XCSwiftPackageProductDependency;
			package = C058BB882E9069BB00607343 /* XCRemoteSwiftPackageReference "firebase-ios-sdk" */;
			productName = "FirebaseFunctionsCombine-Community";
		};
		C058BBF92E90718700607343 /* FirebaseInstallations */ = {
			isa = XCSwiftPackageProductDependency;
			package = C058BB882E9069BB00607343 /* XCRemoteSwiftPackageReference "firebase-ios-sdk" */;
			productName = FirebaseInstallations;
		};
		C058BBFB2E90718700607343 /* FirebaseMLModelDownloader */ = {
			isa = XCSwiftPackageProductDependency;
			package = C058BB882E9069BB00607343 /* XCRemoteSwiftPackageReference "firebase-ios-sdk" */;
			productName = FirebaseMLModelDownloader;
		};
		C058BBFD2E90718700607343 /* FirebasePerformance */ = {
			isa = XCSwiftPackageProductDependency;
			package = C058BB882E9069BB00607343 /* XCRemoteSwiftPackageReference "firebase-ios-sdk" */;
			productName = FirebasePerformance;
		};
		C058BBFF2E90718700607343 /* FirebaseRemoteConfig */ = {
			isa = XCSwiftPackageProductDependency;
			package = C058BB882E9069BB00607343 /* XCRemoteSwiftPackageReference "firebase-ios-sdk" */;
			productName = FirebaseRemoteConfig;
		};
		C058BC012E90718700607343 /* FirebaseStorage */ = {
			isa = XCSwiftPackageProductDependency;
			package = C058BB882E9069BB00607343 /* XCRemoteSwiftPackageReference "firebase-ios-sdk" */;
			productName = FirebaseStorage;
		};
		C058BC032E90718700607343 /* FirebaseStorageCombine-Community */ = {
			isa = XCSwiftPackageProductDependency;
			package = C058BB882E9069BB00607343 /* XCRemoteSwiftPackageReference "firebase-ios-sdk" */;
			productName = "FirebaseStorageCombine-Community";
		};
		C0DAE1B52E9AFD0D00EDBDE2 /* CodeScanner */ = {
			isa = XCSwiftPackageProductDependency;
			package = C0DAE1B42E9AFD0D00EDBDE2 /* XCRemoteSwiftPackageReference "CodeScanner" */;
			productName = CodeScanner;
		};
/* End XCSwiftPackageProductDependency section */
	};
	rootObject = C058BB6F2E9066FF00607343 /* Project object */;
}
